# @generated by Move, please check-in and do not edit manually.

[move]
version = 3
manifest_digest = "1A493598FD92AC33580DE44211AF67D5D8D44FD0B1FD060B220E98958DF07A97"
deps_digest = "F8BBB0CCB2491CA29A3DF03D6F92277A4F3574266507ACD77214D37ECA3F3082"
dependencies = [
  { id = "Iota", name = "Iota" },
]

[[move.package]]
id = "Iota"
source = { git = "https://github.com/iotaledger/iota.git", rev = "main", subdir = "crates/iota-framework/packages/iota-framework" }

dependencies = [
  { id = "MoveStdlib", name = "MoveStdlib" },
]

[[move.package]]
id = "MoveStdlib"
source = { git = "https://github.com/iotaledger/iota.git", rev = "main", subdir = "crates/iota-framework/packages/move-stdlib" }

[move.toolchain-version]
compiler-version = "1.18.0-alpha"
edition = "2024"
flavor = "iota"

[env]

[env.testnet]
chain-id = "2304aa97"
original-published-id = "0x41a73c69514ce68184909838c89c5155cc5835a5449756919f931e9829ffbae6"
latest-published-id = "0x41a73c69514ce68184909838c89c5155cc5835a5449756919f931e9829ffbae6"
published-version = "1"
